<Solution>
  <Folder Name="/Core/">
    <Project Path="../Core/src/pzellhorn.Core.API/pzellhorn.Core.API.csproj" />
    <Project Path="../Core/src/pzellhorn.Core.ClientAPI/pzellhorn.Core.ClientAPI.csproj" />
    <Project Path="../Core/src/pzellhorn.Core.Logic/pzellhorn.Core.Logic.csproj" />
    <Project Path="../Core/src/pzellhorn.Core.State/pzellhorn.Core.State.csproj" />
  </Folder>
  <Project Path="PhotoProcessor.ClientAPI/PhotoProcessor.ClientAPI.csproj" Id="c7624d02-da94-40f2-bdc1-78090779a2ce" />
  <Project Path="PhotoProcessor.DTO/PhotoProcessor.DTO.csproj" Id="f889c7ef-0d2b-4dfb-a339-35817f6609bb" />
  <Project Path="PhotoProcessor.Logic/PhotoProcessor.Logic.csproj" Id="a8e7771f-9dfa-4759-8a3f-2f371a99b6e1" />
  <Project Path="PhotoProcessor/PhotoProcessor.API.csproj" />
</Solution>
